
Microsoft Visual Studio Solution File, Format Version 12.00
# Visual Studio Version 16
VisualStudioVersion = 16.0.31613.86
MinimumVisualStudioVersion = 10.0.40219.1
Project("{FAE04EC0-301F-11D3-BF4B-00C04F79EFBC}") = "Tarea8", "Tarea8\Tarea8.csproj", "{FF5CB2A9-6FF9-4F78-954F-5934B5BAF45B}"
EndProject
Global
	GlobalSection(SolutionConfigurationPlatforms) = preSolution
		Debug|Any CPU = Debug|Any CPU
		Release|Any CPU = Release|Any CPU
	EndGlobalSection
	GlobalSection(ProjectConfigurationPlatforms) = postSolution
		{FF5CB2A9-6FF9-4F78-954F-5934B5BAF45B}.Debug|Any CPU.ActiveCfg = Debug|Any CPU
		{FF5CB2A9-6FF9-4F78-954F-5934B5BAF45B}.Debug|Any CPU.Build.0 = Debug|Any CPU
		{FF5CB2A9-6FF9-4F78-954F-5934B5BAF45B}.Release|Any CPU.ActiveCfg = Release|Any CPU
		{FF5CB2A9-6FF9-4F78-954F-5934B5BAF45B}.Release|Any CPU.Build.0 = Release|Any CPU
	EndGlobalSection
	GlobalSection(SolutionProperties) = preSolution
		HideSolutionNode = FALSE
	EndGlobalSection
	GlobalSection(ExtensibilityGlobals) = postSolution
		SolutionGuid = {CA9EA827-0ED1-4A37-941A-DB0A595476B5}
	EndGlobalSection
EndGlobal
