
Microsoft Visual Studio Solution File, Format Version 12.00
# Visual Studio Version 16
VisualStudioVersion = 16.0.31613.86
MinimumVisualStudioVersion = 10.0.40219.1
Project("{FAE04EC0-301F-11D3-BF4B-00C04F79EFBC}") = "Tarea9", "Tarea9\Tarea9.csproj", "{79BCA083-5AFA-46BA-9B07-D7FE09E60726}"
EndProject
Global
	GlobalSection(SolutionConfigurationPlatforms) = preSolution
		Debug|Any CPU = Debug|Any CPU
		Release|Any CPU = Release|Any CPU
	EndGlobalSection
	GlobalSection(ProjectConfigurationPlatforms) = postSolution
		{79BCA083-5AFA-46BA-9B07-D7FE09E60726}.Debug|Any CPU.ActiveCfg = Debug|Any CPU
		{79BCA083-5AFA-46BA-9B07-D7FE09E60726}.Debug|Any CPU.Build.0 = Debug|Any CPU
		{79BCA083-5AFA-46BA-9B07-D7FE09E60726}.Release|Any CPU.ActiveCfg = Release|Any CPU
		{79BCA083-5AFA-46BA-9B07-D7FE09E60726}.Release|Any CPU.Build.0 = Release|Any CPU
	EndGlobalSection
	GlobalSection(SolutionProperties) = preSolution
		HideSolutionNode = FALSE
	EndGlobalSection
	GlobalSection(ExtensibilityGlobals) = postSolution
		SolutionGuid = {E547118C-A5B6-4941-B2C6-8FA2C51839B6}
	EndGlobalSection
EndGlobal
